
Microsoft Visual Studio Solution File, Format Version 12.00
# Visual Studio Version 17
VisualStudioVersion = 17.13.35931.197 d17.13
MinimumVisualStudioVersion = 10.0.40219.1
Project("{FAE04EC0-301F-11D3-BF4B-00C04F79EFBC}") = "UsingTaskDemonstration", "UsingTaskDemonstration\UsingTaskDemonstration.csproj", "{7EFB635D-0475-4AEB-9F66-46EC616633A3}"
EndProject
Project("{FAE04EC0-301F-11D3-BF4B-00C04F79EFBC}") = "UsingTaskDemonstration -02", "UsingTaskDemonstration -02\UsingTaskDemonstration -02.csproj", "{15B6BC6B-B61F-4991-8D3C-10DCA8C99D7D}"
EndProject
Project("{FAE04EC0-301F-11D3-BF4B-00C04F79EFBC}") = "UsingTaskDemonstration -03", "UsingTaskDemonstration -03\UsingTaskDemonstration -03.csproj", "{FC0AE46D-CBD4-4714-9F82-17C02B14AA09}"
EndProject
Project("{FAE04EC0-301F-11D3-BF4B-00C04F79EFBC}") = "UsingTaskDemonstration -04", "UsingTaskDemonstration -04\UsingTaskDemonstration -04.csproj", "{8829A1D5-8DCB-48AF-B41A-C199289D04FA}"
EndProject
Global
	GlobalSection(SolutionConfigurationPlatforms) = preSolution
		Debug|Any CPU = Debug|Any CPU
		Release|Any CPU = Release|Any CPU
	EndGlobalSection
	GlobalSection(ProjectConfigurationPlatforms) = postSolution
		{7EFB635D-0475-4AEB-9F66-46EC616633A3}.Debug|Any CPU.ActiveCfg = Debug|Any CPU
		{7EFB635D-0475-4AEB-9F66-46EC616633A3}.Debug|Any CPU.Build.0 = Debug|Any CPU
		{7EFB635D-0475-4AEB-9F66-46EC616633A3}.Release|Any CPU.ActiveCfg = Release|Any CPU
		{7EFB635D-0475-4AEB-9F66-46EC616633A3}.Release|Any CPU.Build.0 = Release|Any CPU
		{15B6BC6B-B61F-4991-8D3C-10DCA8C99D7D}.Debug|Any CPU.ActiveCfg = Debug|Any CPU
		{15B6BC6B-B61F-4991-8D3C-10DCA8C99D7D}.Debug|Any CPU.Build.0 = Debug|Any CPU
		{15B6BC6B-B61F-4991-8D3C-10DCA8C99D7D}.Release|Any CPU.ActiveCfg = Release|Any CPU
		{15B6BC6B-B61F-4991-8D3C-10DCA8C99D7D}.Release|Any CPU.Build.0 = Release|Any CPU
		{FC0AE46D-CBD4-4714-9F82-17C02B14AA09}.Debug|Any CPU.ActiveCfg = Debug|Any CPU
		{FC0AE46D-CBD4-4714-9F82-17C02B14AA09}.Debug|Any CPU.Build.0 = Debug|Any CPU
		{FC0AE46D-CBD4-4714-9F82-17C02B14AA09}.Release|Any CPU.ActiveCfg = Release|Any CPU
		{FC0AE46D-CBD4-4714-9F82-17C02B14AA09}.Release|Any CPU.Build.0 = Release|Any CPU
		{8829A1D5-8DCB-48AF-B41A-C199289D04FA}.Debug|Any CPU.ActiveCfg = Debug|Any CPU
		{8829A1D5-8DCB-48AF-B41A-C199289D04FA}.Debug|Any CPU.Build.0 = Debug|Any CPU
		{8829A1D5-8DCB-48AF-B41A-C199289D04FA}.Release|Any CPU.ActiveCfg = Release|Any CPU
		{8829A1D5-8DCB-48AF-B41A-C199289D04FA}.Release|Any CPU.Build.0 = Release|Any CPU
	EndGlobalSection
	GlobalSection(SolutionProperties) = preSolution
		HideSolutionNode = FALSE
	EndGlobalSection
	GlobalSection(ExtensibilityGlobals) = postSolution
		SolutionGuid = {EBE6415A-B682-485E-BBF2-4EAF2CC9C7E7}
	EndGlobalSection
EndGlobal
